// !$*UTF8*$!
{
	archiveVersion = 1;
	classes = {
	};
	objectVersion = 60;
	objects = {

/* Begin PBXBuildFile section */
		5109A3CB2B2DFBB9000563B7 /* debugNormal.png in Resources */ = {isa = PBXBuildFile; fileRef = 5109A3CA2B2DFBB9000563B7 /* debugNormal.png */; };
		5109A3CE2B2E0F0E000563B7 /* UVCube.mtl in Resources */ = {isa = PBXBuildFile; fileRef = 5109A3CC2B2E0F0E000563B7 /* UVCube.mtl */; };
		5109A3CF2B2E0F0E000563B7 /* UVCube.obj in Resources */ = {isa = PBXBuildFile; fileRef = 5109A3CD2B2E0F0E000563B7 /* UVCube.obj */; };
		5122DFE82B6023E500072843 /* SSAOObject.obj in Resources */ = {isa = PBXBuildFile; fileRef = 5122DFE62B6023E500072843 /* SSAOObject.obj */; };
		5122DFE92B6023E500072843 /* SSAOObject.mtl in Resources */ = {isa = PBXBuildFile; fileRef = 5122DFE72B6023E500072843 /* SSAOObject.mtl */; };
		5122DFEB2B6024D100072843 /* WallpaperGreen.png in Resources */ = {isa = PBXBuildFile; fileRef = 5122DFEA2B6024D100072843 /* WallpaperGreen.png */; };
		512E7DE22B76031D002C2916 /* well.mtl in Resources */ = {isa = PBXBuildFile; fileRef = 512E7DDE2B76031D002C2916 /* well.mtl */; };
		512E7DE32B76031D002C2916 /* well-diff.png in Resources */ = {isa = PBXBuildFile; fileRef = 512E7DDF2B76031D002C2916 /* well-diff.png */; };
		512E7DE42B76031D002C2916 /* well-normal.png in Resources */ = {isa = PBXBuildFile; fileRef = 512E7DE02B76031D002C2916 /* well-normal.png */; };
		512E7DE52B76031D002C2916 /* well.obj in Resources */ = {isa = PBXBuildFile; fileRef = 512E7DE12B76031D002C2916 /* well.obj */; };
		512E7DE72B777352002C2916 /* WellScene.swift in Sources */ = {isa = PBXBuildFile; fileRef = 512E7DE62B777352002C2916 /* WellScene.swift */; };
		518693F52B24F20000835AC1 /* CrynonDevPlatformApp.swift in Sources */ = {isa = PBXBuildFile; fileRef = 518693F42B24F20000835AC1 /* CrynonDevPlatformApp.swift */; };
		518693F92B24F20100835AC1 /* Assets.xcassets in Resources */ = {isa = PBXBuildFile; fileRef = 518693F82B24F20100835AC1 /* Assets.xcassets */; };
		518693FC2B24F20100835AC1 /* Preview Assets.xcassets in Resources */ = {isa = PBXBuildFile; fileRef = 518693FB2B24F20100835AC1 /* Preview Assets.xcassets */; };
		518694092B24F8FE00835AC1 /* DevScene.swift in Sources */ = {isa = PBXBuildFile; fileRef = 518694082B24F8FE00835AC1 /* DevScene.swift */; };
		5186940C2B24F97900835AC1 /* Crynon in Frameworks */ = {isa = PBXBuildFile; productRef = 5186940B2B24F97900835AC1 /* Crynon */; };
		518FE8882B35CFD70047C395 /* Plane.obj in Resources */ = {isa = PBXBuildFile; fileRef = 518FE8862B35CFD70047C395 /* Plane.obj */; };
		518FE8892B35CFD70047C395 /* Plane.mtl in Resources */ = {isa = PBXBuildFile; fileRef = 518FE8872B35CFD70047C395 /* Plane.mtl */; };
		51CF95472B25AB3700DF09D6 /* Grass.png in Resources */ = {isa = PBXBuildFile; fileRef = 51CF95432B25AB3700DF09D6 /* Grass.png */; };
		51CF95482B25AB3700DF09D6 /* Window.png in Resources */ = {isa = PBXBuildFile; fileRef = 51CF95442B25AB3700DF09D6 /* Window.png */; };
		51CF95492B25AB3700DF09D6 /* OceanSky.png in Resources */ = {isa = PBXBuildFile; fileRef = 51CF95452B25AB3700DF09D6 /* OceanSky.png */; };
		51CF954A2B25AB3700DF09D6 /* Wallpaper.jpeg in Resources */ = {isa = PBXBuildFile; fileRef = 51CF95462B25AB3700DF09D6 /* Wallpaper.jpeg */; };
		51CF954E2B25AF0B00DF09D6 /* DevCamera.swift in Sources */ = {isa = PBXBuildFile; fileRef = 51CF954D2B25AF0B00DF09D6 /* DevCamera.swift */; };
		51CF95512B25BD4C00DF09D6 /* Shape.obj in Resources */ = {isa = PBXBuildFile; fileRef = 51CF95502B25BD4C00DF09D6 /* Shape.obj */; };
		51CF95552B25BDA600DF09D6 /* mudC.png in Resources */ = {isa = PBXBuildFile; fileRef = 51CF95522B25BDA500DF09D6 /* mudC.png */; };
		51CF95562B25BDA600DF09D6 /* mudN.png in Resources */ = {isa = PBXBuildFile; fileRef = 51CF95532B25BDA500DF09D6 /* mudN.png */; };
		51CF95572B25BDA600DF09D6 /* mudI.png in Resources */ = {isa = PBXBuildFile; fileRef = 51CF95542B25BDA600DF09D6 /* mudI.png */; };
/* End PBXBuildFile section */

/* Begin PBXFileReference section */
		5109A3CA2B2DFBB9000563B7 /* debugNormal.png */ = {isa = PBXFileReference; lastKnownFileType = image.png; path = debugNormal.png; sourceTree = "<group>"; };
		5109A3CC2B2E0F0E000563B7 /* UVCube.mtl */ = {isa = PBXFileReference; fileEncoding = 4; lastKnownFileType = text; path = UVCube.mtl; sourceTree = "<group>"; };
		5109A3CD2B2E0F0E000563B7 /* UVCube.obj */ = {isa = PBXFileReference; fileEncoding = 4; lastKnownFileType = text; path = UVCube.obj; sourceTree = "<group>"; };
		5122DFE62B6023E500072843 /* SSAOObject.obj */ = {isa = PBXFileReference; fileEncoding = 4; lastKnownFileType = text; path = SSAOObject.obj; sourceTree = "<group>"; };
		5122DFE72B6023E500072843 /* SSAOObject.mtl */ = {isa = PBXFileReference; fileEncoding = 4; lastKnownFileType = text; path = SSAOObject.mtl; sourceTree = "<group>"; };
		5122DFEA2B6024D100072843 /* WallpaperGreen.png */ = {isa = PBXFileReference; lastKnownFileType = image.png; path = WallpaperGreen.png; sourceTree = "<group>"; };
		512E7DDE2B76031D002C2916 /* well.mtl */ = {isa = PBXFileReference; fileEncoding = 4; lastKnownFileType = text; path = well.mtl; sourceTree = "<group>"; };
		512E7DDF2B76031D002C2916 /* well-diff.png */ = {isa = PBXFileReference; lastKnownFileType = image.png; path = "well-diff.png"; sourceTree = "<group>"; };
		512E7DE02B76031D002C2916 /* well-normal.png */ = {isa = PBXFileReference; lastKnownFileType = image.png; path = "well-normal.png"; sourceTree = "<group>"; };
		512E7DE12B76031D002C2916 /* well.obj */ = {isa = PBXFileReference; fileEncoding = 4; lastKnownFileType = text; path = well.obj; sourceTree = "<group>"; };
		512E7DE62B777352002C2916 /* WellScene.swift */ = {isa = PBXFileReference; lastKnownFileType = sourcecode.swift; path = WellScene.swift; sourceTree = "<group>"; };
		518693F12B24F20000835AC1 /* CrynonDevPlatform.app */ = {isa = PBXFileReference; explicitFileType = wrapper.application; includeInIndex = 0; path = CrynonDevPlatform.app; sourceTree = BUILT_PRODUCTS_DIR; };
		518693F42B24F20000835AC1 /* CrynonDevPlatformApp.swift */ = {isa = PBXFileReference; lastKnownFileType = sourcecode.swift; path = CrynonDevPlatformApp.swift; sourceTree = "<group>"; };
		518693F82B24F20100835AC1 /* Assets.xcassets */ = {isa = PBXFileReference; lastKnownFileType = folder.assetcatalog; path = Assets.xcassets; sourceTree = "<group>"; };
		518693FB2B24F20100835AC1 /* Preview Assets.xcassets */ = {isa = PBXFileReference; lastKnownFileType = folder.assetcatalog; path = "Preview Assets.xcassets"; sourceTree = "<group>"; };
		518693FD2B24F20100835AC1 /* CrynonDevPlatform.entitlements */ = {isa = PBXFileReference; lastKnownFileType = text.plist.entitlements; path = CrynonDevPlatform.entitlements; sourceTree = "<group>"; };
		518694082B24F8FE00835AC1 /* DevScene.swift */ = {isa = PBXFileReference; lastKnownFileType = sourcecode.swift; path = DevScene.swift; sourceTree = "<group>"; };
		518FE8862B35CFD70047C395 /* Plane.obj */ = {isa = PBXFileReference; fileEncoding = 4; lastKnownFileType = text; path = Plane.obj; sourceTree = "<group>"; };
		518FE8872B35CFD70047C395 /* Plane.mtl */ = {isa = PBXFileReference; fileEncoding = 4; lastKnownFileType = text; path = Plane.mtl; sourceTree = "<group>"; };
		51CF95432B25AB3700DF09D6 /* Grass.png */ = {isa = PBXFileReference; lastKnownFileType = image.png; path = Grass.png; sourceTree = "<group>"; };
		51CF95442B25AB3700DF09D6 /* Window.png */ = {isa = PBXFileReference; lastKnownFileType = image.png; path = Window.png; sourceTree = "<group>"; };
		51CF95452B25AB3700DF09D6 /* OceanSky.png */ = {isa = PBXFileReference; lastKnownFileType = image.png; path = OceanSky.png; sourceTree = "<group>"; };
		51CF95462B25AB3700DF09D6 /* Wallpaper.jpeg */ = {isa = PBXFileReference; lastKnownFileType = image.jpeg; path = Wallpaper.jpeg; sourceTree = "<group>"; };
		51CF954D2B25AF0B00DF09D6 /* DevCamera.swift */ = {isa = PBXFileReference; fileEncoding = 4; lastKnownFileType = sourcecode.swift; path = DevCamera.swift; sourceTree = "<group>"; };
		51CF95502B25BD4C00DF09D6 /* Shape.obj */ = {isa = PBXFileReference; fileEncoding = 4; lastKnownFileType = text; path = Shape.obj; sourceTree = "<group>"; };
		51CF95522B25BDA500DF09D6 /* mudC.png */ = {isa = PBXFileReference; lastKnownFileType = image.png; path = mudC.png; sourceTree = "<group>"; };
		51CF95532B25BDA500DF09D6 /* mudN.png */ = {isa = PBXFileReference; lastKnownFileType = image.png; path = mudN.png; sourceTree = "<group>"; };
		51CF95542B25BDA600DF09D6 /* mudI.png */ = {isa = PBXFileReference; lastKnownFileType = image.png; path = mudI.png; sourceTree = "<group>"; };
/* End PBXFileReference section */

/* Begin PBXFrameworksBuildPhase section */
		518693EE2B24F20000835AC1 /* Frameworks */ = {
			isa = PBXFrameworksBuildPhase;
			buildActionMask = 2147483647;
			files = (
				5186940C2B24F97900835AC1 /* Crynon in Frameworks */,
			);
			runOnlyForDeploymentPostprocessing = 0;
		};
/* End PBXFrameworksBuildPhase section */

/* Begin PBXGroup section */
		512E7DDD2B76031D002C2916 /* well */ = {
			isa = PBXGroup;
			children = (
				512E7DDE2B76031D002C2916 /* well.mtl */,
				512E7DDF2B76031D002C2916 /* well-diff.png */,
				512E7DE02B76031D002C2916 /* well-normal.png */,
				512E7DE12B76031D002C2916 /* well.obj */,
			);
			path = well;
			sourceTree = "<group>";
		};
		518693E82B24F20000835AC1 = {
			isa = PBXGroup;
			children = (
				518693F32B24F20000835AC1 /* CrynonDevPlatform */,
				518693F22B24F20000835AC1 /* Products */,
			);
			sourceTree = "<group>";
		};
		518693F22B24F20000835AC1 /* Products */ = {
			isa = PBXGroup;
			children = (
				518693F12B24F20000835AC1 /* CrynonDevPlatform.app */,
			);
			name = Products;
			sourceTree = "<group>";
		};
		518693F32B24F20000835AC1 /* CrynonDevPlatform */ = {
			isa = PBXGroup;
			children = (
				518693F42B24F20000835AC1 /* CrynonDevPlatformApp.swift */,
				518693F82B24F20100835AC1 /* Assets.xcassets */,
				518693FD2B24F20100835AC1 /* CrynonDevPlatform.entitlements */,
				51CF954F2B25BD4C00DF09D6 /* Meshes */,
				51CF95422B25AB3700DF09D6 /* Textures */,
				518693FA2B24F20100835AC1 /* Preview Content */,
				518694082B24F8FE00835AC1 /* DevScene.swift */,
				51CF954D2B25AF0B00DF09D6 /* DevCamera.swift */,
				512E7DE62B777352002C2916 /* WellScene.swift */,
			);
			path = CrynonDevPlatform;
			sourceTree = "<group>";
		};
		518693FA2B24F20100835AC1 /* Preview Content */ = {
			isa = PBXGroup;
			children = (
				518693FB2B24F20100835AC1 /* Preview Assets.xcassets */,
			);
			path = "Preview Content";
			sourceTree = "<group>";
		};
		51CF95422B25AB3700DF09D6 /* Textures */ = {
			isa = PBXGroup;
			children = (
				5122DFEA2B6024D100072843 /* WallpaperGreen.png */,
				5109A3CA2B2DFBB9000563B7 /* debugNormal.png */,
				51CF95522B25BDA500DF09D6 /* mudC.png */,
				51CF95542B25BDA600DF09D6 /* mudI.png */,
				51CF95532B25BDA500DF09D6 /* mudN.png */,
				51CF95432B25AB3700DF09D6 /* Grass.png */,
				51CF95442B25AB3700DF09D6 /* Window.png */,
				51CF95452B25AB3700DF09D6 /* OceanSky.png */,
				51CF95462B25AB3700DF09D6 /* Wallpaper.jpeg */,
			);
			path = Textures;
			sourceTree = "<group>";
		};
		51CF954F2B25BD4C00DF09D6 /* Meshes */ = {
			isa = PBXGroup;
			children = (
				512E7DDD2B76031D002C2916 /* well */,
				5122DFE72B6023E500072843 /* SSAOObject.mtl */,
				5122DFE62B6023E500072843 /* SSAOObject.obj */,
				518FE8872B35CFD70047C395 /* Plane.mtl */,
				518FE8862B35CFD70047C395 /* Plane.obj */,
				5109A3CC2B2E0F0E000563B7 /* UVCube.mtl */,
				5109A3CD2B2E0F0E000563B7 /* UVCube.obj */,
				51CF95502B25BD4C00DF09D6 /* Shape.obj */,
			);
			path = Meshes;
			sourceTree = "<group>";
		};
/* End PBXGroup section */

/* Begin PBXNativeTarget section */
		518693F02B24F20000835AC1 /* CrynonDevPlatform */ = {
			isa = PBXNativeTarget;
			buildConfigurationList = 518694002B24F20100835AC1 /* Build configuration list for PBXNativeTarget "CrynonDevPlatform" */;
			buildPhases = (
				518693ED2B24F20000835AC1 /* Sources */,
				518693EE2B24F20000835AC1 /* Frameworks */,
				518693EF2B24F20000835AC1 /* Resources */,
			);
			buildRules = (
			);
			dependencies = (
			);
			name = CrynonDevPlatform;
			packageProductDependencies = (
				5186940B2B24F97900835AC1 /* Crynon */,
			);
			productName = CrynonDevPlatform;
			productReference = 518693F12B24F20000835AC1 /* CrynonDevPlatform.app */;
			productType = "com.apple.product-type.application";
		};
/* End PBXNativeTarget section */

/* Begin PBXProject section */
		518693E92B24F20000835AC1 /* Project object */ = {
			isa = PBXProject;
			attributes = {
				BuildIndependentTargetsInParallel = 1;
				LastSwiftUpdateCheck = 1500;
				LastUpgradeCheck = 1510;
				TargetAttributes = {
					518693F02B24F20000835AC1 = {
						CreatedOnToolsVersion = 15.0.1;
					};
				};
			};
			buildConfigurationList = 518693EC2B24F20000835AC1 /* Build configuration list for PBXProject "CrynonDevPlatform" */;
			compatibilityVersion = "Xcode 14.0";
			developmentRegion = en;
			hasScannedForEncodings = 0;
			knownRegions = (
				en,
				Base,
			);
			mainGroup = 518693E82B24F20000835AC1;
			packageReferences = (
				5186940A2B24F97900835AC1 /* XCLocalSwiftPackageReference "../Crynon" */,
			);
			productRefGroup = 518693F22B24F20000835AC1 /* Products */;
			projectDirPath = "";
			projectRoot = "";
			targets = (
				518693F02B24F20000835AC1 /* CrynonDevPlatform */,
			);
		};
/* End PBXProject section */

/* Begin PBXResourcesBuildPhase section */
		518693EF2B24F20000835AC1 /* Resources */ = {
			isa = PBXResourcesBuildPhase;
			buildActionMask = 2147483647;
			files = (
				518693FC2B24F20100835AC1 /* Preview Assets.xcassets in Resources */,
				5122DFE92B6023E500072843 /* SSAOObject.mtl in Resources */,
				51CF95512B25BD4C00DF09D6 /* Shape.obj in Resources */,
				51CF95562B25BDA600DF09D6 /* mudN.png in Resources */,
				51CF95482B25AB3700DF09D6 /* Window.png in Resources */,
				5122DFE82B6023E500072843 /* SSAOObject.obj in Resources */,
				512E7DE42B76031D002C2916 /* well-normal.png in Resources */,
				51CF954A2B25AB3700DF09D6 /* Wallpaper.jpeg in Resources */,
				51CF95552B25BDA600DF09D6 /* mudC.png in Resources */,
				5109A3CB2B2DFBB9000563B7 /* debugNormal.png in Resources */,
				5109A3CE2B2E0F0E000563B7 /* UVCube.mtl in Resources */,
				512E7DE52B76031D002C2916 /* well.obj in Resources */,
				512E7DE32B76031D002C2916 /* well-diff.png in Resources */,
				5122DFEB2B6024D100072843 /* WallpaperGreen.png in Resources */,
				51CF95572B25BDA600DF09D6 /* mudI.png in Resources */,
				518FE8892B35CFD70047C395 /* Plane.mtl in Resources */,
				5109A3CF2B2E0F0E000563B7 /* UVCube.obj in Resources */,
				51CF95492B25AB3700DF09D6 /* OceanSky.png in Resources */,
				51CF95472B25AB3700DF09D6 /* Grass.png in Resources */,
				518FE8882B35CFD70047C395 /* Plane.obj in Resources */,
				518693F92B24F20100835AC1 /* Assets.xcassets in Resources */,
				512E7DE22B76031D002C2916 /* well.mtl in Resources */,
			);
			runOnlyForDeploymentPostprocessing = 0;
		};
/* End PBXResourcesBuildPhase section */

/* Begin PBXSourcesBuildPhase section */
		518693ED2B24F20000835AC1 /* Sources */ = {
			isa = PBXSourcesBuildPhase;
			buildActionMask = 2147483647;
			files = (
				512E7DE72B777352002C2916 /* WellScene.swift in Sources */,
				518694092B24F8FE00835AC1 /* DevScene.swift in Sources */,
				518693F52B24F20000835AC1 /* CrynonDevPlatformApp.swift in Sources */,
				51CF954E2B25AF0B00DF09D6 /* DevCamera.swift in Sources */,
			);
			runOnlyForDeploymentPostprocessing = 0;
		};
/* End PBXSourcesBuildPhase section */

/* Begin XCBuildConfiguration section */
		518693FE2B24F20100835AC1 /* Debug */ = {
			isa = XCBuildConfiguration;
			buildSettings = {
				ALWAYS_SEARCH_USER_PATHS = NO;
				ASSETCATALOG_COMPILER_GENERATE_SWIFT_ASSET_SYMBOL_EXTENSIONS = YES;
				CLANG_ANALYZER_NONNULL = YES;
				CLANG_ANALYZER_NUMBER_OBJECT_CONVERSION = YES_AGGRESSIVE;
				CLANG_CXX_LANGUAGE_STANDARD = "gnu++20";
				CLANG_ENABLE_MODULES = YES;
				CLANG_ENABLE_OBJC_ARC = YES;
				CLANG_ENABLE_OBJC_WEAK = YES;
				CLANG_WARN_BLOCK_CAPTURE_AUTORELEASING = YES;
				CLANG_WARN_BOOL_CONVERSION = YES;
				CLANG_WARN_COMMA = YES;
				CLANG_WARN_CONSTANT_CONVERSION = YES;
				CLANG_WARN_DEPRECATED_OBJC_IMPLEMENTATIONS = YES;
				CLANG_WARN_DIRECT_OBJC_ISA_USAGE = YES_ERROR;
				CLANG_WARN_DOCUMENTATION_COMMENTS = YES;
				CLANG_WARN_EMPTY_BODY = YES;
				CLANG_WARN_ENUM_CONVERSION = YES;
				CLANG_WARN_INFINITE_RECURSION = YES;
				CLANG_WARN_INT_CONVERSION = YES;
				CLANG_WARN_NON_LITERAL_NULL_CONVERSION = YES;
				CLANG_WARN_OBJC_IMPLICIT_RETAIN_SELF = YES;
				CLANG_WARN_OBJC_LITERAL_CONVERSION = YES;
				CLANG_WARN_OBJC_ROOT_CLASS = YES_ERROR;
				CLANG_WARN_QUOTED_INCLUDE_IN_FRAMEWORK_HEADER = YES;
				CLANG_WARN_RANGE_LOOP_ANALYSIS = YES;
				CLANG_WARN_STRICT_PROTOTYPES = YES;
				CLANG_WARN_SUSPICIOUS_MOVE = YES;
				CLANG_WARN_UNGUARDED_AVAILABILITY = YES_AGGRESSIVE;
				CLANG_WARN_UNREACHABLE_CODE = YES;
				CLANG_WARN__DUPLICATE_METHOD_MATCH = YES;
				COPY_PHASE_STRIP = NO;
				DEAD_CODE_STRIPPING = YES;
				DEBUG_INFORMATION_FORMAT = dwarf;
				ENABLE_STRICT_OBJC_MSGSEND = YES;
				ENABLE_TESTABILITY = YES;
				ENABLE_USER_SCRIPT_SANDBOXING = YES;
				GCC_C_LANGUAGE_STANDARD = gnu17;
				GCC_DYNAMIC_NO_PIC = NO;
				GCC_NO_COMMON_BLOCKS = YES;
				GCC_OPTIMIZATION_LEVEL = 0;
				GCC_PREPROCESSOR_DEFINITIONS = (
					"DEBUG=1",
					"$(inherited)",
				);
				GCC_WARN_64_TO_32_BIT_CONVERSION = YES;
				GCC_WARN_ABOUT_RETURN_TYPE = YES_ERROR;
				GCC_WARN_UNDECLARED_SELECTOR = YES;
				GCC_WARN_UNINITIALIZED_AUTOS = YES_AGGRESSIVE;
				GCC_WARN_UNUSED_FUNCTION = YES;
				GCC_WARN_UNUSED_VARIABLE = YES;
				INFOPLIST_KEY_MetalCaptureEnabled = YES;
				LOCALIZATION_PREFERS_STRING_CATALOGS = YES;
				MACOSX_DEPLOYMENT_TARGET = 14.2;
				MTL_ENABLE_DEBUG_INFO = INCLUDE_SOURCE;
				MTL_FAST_MATH = YES;
				ONLY_ACTIVE_ARCH = YES;
				SDKROOT = macosx;
				SWIFT_ACTIVE_COMPILATION_CONDITIONS = "DEBUG $(inherited)";
				SWIFT_OPTIMIZATION_LEVEL = "-Onone";
			};
			name = Debug;
		};
		518693FF2B24F20100835AC1 /* Release */ = {
			isa = XCBuildConfiguration;
			buildSettings = {
				ALWAYS_SEARCH_USER_PATHS = NO;
				ASSETCATALOG_COMPILER_GENERATE_SWIFT_ASSET_SYMBOL_EXTENSIONS = YES;
				CLANG_ANALYZER_NONNULL = YES;
				CLANG_ANALYZER_NUMBER_OBJECT_CONVERSION = YES_AGGRESSIVE;
				CLANG_CXX_LANGUAGE_STANDARD = "gnu++20";
				CLANG_ENABLE_MODULES = YES;
				CLANG_ENABLE_OBJC_ARC = YES;
				CLANG_ENABLE_OBJC_WEAK = YES;
				CLANG_WARN_BLOCK_CAPTURE_AUTORELEASING = YES;
				CLANG_WARN_BOOL_CONVERSION = YES;
				CLANG_WARN_COMMA = YES;
				CLANG_WARN_CONSTANT_CONVERSION = YES;
				CLANG_WARN_DEPRECATED_OBJC_IMPLEMENTATIONS = YES;
				CLANG_WARN_DIRECT_OBJC_ISA_USAGE = YES_ERROR;
				CLANG_WARN_DOCUMENTATION_COMMENTS = YES;
				CLANG_WARN_EMPTY_BODY = YES;
				CLANG_WARN_ENUM_CONVERSION = YES;
				CLANG_WARN_INFINITE_RECURSION = YES;
				CLANG_WARN_INT_CONVERSION = YES;
				CLANG_WARN_NON_LITERAL_NULL_CONVERSION = YES;
				CLANG_WARN_OBJC_IMPLICIT_RETAIN_SELF = YES;
				CLANG_WARN_OBJC_LITERAL_CONVERSION = YES;
				CLANG_WARN_OBJC_ROOT_CLASS = YES_ERROR;
				CLANG_WARN_QUOTED_INCLUDE_IN_FRAMEWORK_HEADER = YES;
				CLANG_WARN_RANGE_LOOP_ANALYSIS = YES;
				CLANG_WARN_STRICT_PROTOTYPES = YES;
				CLANG_WARN_SUSPICIOUS_MOVE = YES;
				CLANG_WARN_UNGUARDED_AVAILABILITY = YES_AGGRESSIVE;
				CLANG_WARN_UNREACHABLE_CODE = YES;
				CLANG_WARN__DUPLICATE_METHOD_MATCH = YES;
				COPY_PHASE_STRIP = NO;
				DEAD_CODE_STRIPPING = YES;
				DEBUG_INFORMATION_FORMAT = "dwarf-with-dsym";
				ENABLE_NS_ASSERTIONS = NO;
				ENABLE_STRICT_OBJC_MSGSEND = YES;
				ENABLE_USER_SCRIPT_SANDBOXING = YES;
				GCC_C_LANGUAGE_STANDARD = gnu17;
				GCC_NO_COMMON_BLOCKS = YES;
				GCC_WARN_64_TO_32_BIT_CONVERSION = YES;
				GCC_WARN_ABOUT_RETURN_TYPE = YES_ERROR;
				GCC_WARN_UNDECLARED_SELECTOR = YES;
				GCC_WARN_UNINITIALIZED_AUTOS = YES_AGGRESSIVE;
				GCC_WARN_UNUSED_FUNCTION = YES;
				GCC_WARN_UNUSED_VARIABLE = YES;
				INFOPLIST_KEY_MetalCaptureEnabled = YES;
				LOCALIZATION_PREFERS_STRING_CATALOGS = YES;
				MACOSX_DEPLOYMENT_TARGET = 14.2;
				MTL_ENABLE_DEBUG_INFO = NO;
				MTL_FAST_MATH = YES;
				SDKROOT = macosx;
				SWIFT_COMPILATION_MODE = wholemodule;
			};
			name = Release;
		};
		518694012B24F20100835AC1 /* Debug */ = {
			isa = XCBuildConfiguration;
			buildSettings = {
				ASSETCATALOG_COMPILER_APPICON_NAME = AppIcon;
				ASSETCATALOG_COMPILER_GLOBAL_ACCENT_COLOR_NAME = AccentColor;
				CODE_SIGN_ENTITLEMENTS = CrynonDevPlatform/CrynonDevPlatform.entitlements;
				CODE_SIGN_STYLE = Automatic;
				COMBINE_HIDPI_IMAGES = YES;
				CURRENT_PROJECT_VERSION = 1;
				DEAD_CODE_STRIPPING = YES;
				DEVELOPMENT_ASSET_PATHS = "\"CrynonDevPlatform/Preview Content\"";
				DEVELOPMENT_TEAM = B8J394Q4M8;
				ENABLE_HARDENED_RUNTIME = YES;
				ENABLE_PREVIEWS = YES;
				GENERATE_INFOPLIST_FILE = YES;
				INFOPLIST_KEY_CFBundleDisplayName = DevPlatform;
				INFOPLIST_KEY_LSApplicationCategoryType = "public.app-category.graphics-design";
				INFOPLIST_KEY_NSHumanReadableCopyright = "";
				LD_RUNPATH_SEARCH_PATHS = (
					"$(inherited)",
					"@executable_path/../Frameworks",
				);
				MARKETING_VERSION = 1.0;
				PRODUCT_BUNDLE_IDENTIFIER = com.KudeKube.CrynonDevPlatform;
				PRODUCT_NAME = "$(TARGET_NAME)";
				SWIFT_EMIT_LOC_STRINGS = YES;
				SWIFT_VERSION = 5.0;
			};
			name = Debug;
		};
		518694022B24F20100835AC1 /* Release */ = {
			isa = XCBuildConfiguration;
			buildSettings = {
				ASSETCATALOG_COMPILER_APPICON_NAME = AppIcon;
				ASSETCATALOG_COMPILER_GLOBAL_ACCENT_COLOR_NAME = AccentColor;
				CODE_SIGN_ENTITLEMENTS = CrynonDevPlatform/CrynonDevPlatform.entitlements;
				CODE_SIGN_STYLE = Automatic;
				COMBINE_HIDPI_IMAGES = YES;
				CURRENT_PROJECT_VERSION = 1;
				DEAD_CODE_STRIPPING = YES;
				DEVELOPMENT_ASSET_PATHS = "\"CrynonDevPlatform/Preview Content\"";
				DEVELOPMENT_TEAM = B8J394Q4M8;
				ENABLE_HARDENED_RUNTIME = YES;
				ENABLE_PREVIEWS = YES;
				GENERATE_INFOPLIST_FILE = YES;
				INFOPLIST_KEY_CFBundleDisplayName = DevPlatform;
				INFOPLIST_KEY_LSApplicationCategoryType = "public.app-category.graphics-design";
				INFOPLIST_KEY_NSHumanReadableCopyright = "";
				LD_RUNPATH_SEARCH_PATHS = (
					"$(inherited)",
					"@executable_path/../Frameworks",
				);
				MARKETING_VERSION = 1.0;
				PRODUCT_BUNDLE_IDENTIFIER = com.KudeKube.CrynonDevPlatform;
				PRODUCT_NAME = "$(TARGET_NAME)";
				SWIFT_EMIT_LOC_STRINGS = YES;
				SWIFT_VERSION = 5.0;
			};
			name = Release;
		};
/* End XCBuildConfiguration section */

/* Begin XCConfigurationList section */
		518693EC2B24F20000835AC1 /* Build configuration list for PBXProject "CrynonDevPlatform" */ = {
			isa = XCConfigurationList;
			buildConfigurations = (
				518693FE2B24F20100835AC1 /* Debug */,
				518693FF2B24F20100835AC1 /* Release */,
			);
			defaultConfigurationIsVisible = 0;
			defaultConfigurationName = Release;
		};
		518694002B24F20100835AC1 /* Build configuration list for PBXNativeTarget "CrynonDevPlatform" */ = {
			isa = XCConfigurationList;
			buildConfigurations = (
				518694012B24F20100835AC1 /* Debug */,
				518694022B24F20100835AC1 /* Release */,
			);
			defaultConfigurationIsVisible = 0;
			defaultConfigurationName = Release;
		};
/* End XCConfigurationList section */

/* Begin XCLocalSwiftPackageReference section */
		5186940A2B24F97900835AC1 /* XCLocalSwiftPackageReference "../Crynon" */ = {
			isa = XCLocalSwiftPackageReference;
			relativePath = ../Crynon;
		};
/* End XCLocalSwiftPackageReference section */

/* Begin XCSwiftPackageProductDependency section */
		5186940B2B24F97900835AC1 /* Crynon */ = {
			isa = XCSwiftPackageProductDependency;
			productName = Crynon;
		};
/* End XCSwiftPackageProductDependency section */
	};
	rootObject = 518693E92B24F20000835AC1 /* Project object */;
}
